// !$*UTF8*$!
{
	archiveVersion = 1;
	classes = {
	};
	objectVersion = 55;
	objects = {

/* Begin PBXBuildFile section */
		3908E2CE6C1EB27BE9CDB513 /* Pods_FlixterTests.framework in Frameworks */ = {isa = PBXBuildFile; fileRef = E2C523275441BB18B2406F2E /* Pods_FlixterTests.framework */; };
		7429B95406F9F816441CA056 /* Pods_Flixter.framework in Frameworks */ = {isa = PBXBuildFile; fileRef = 142716C8CC3C1F4FC22AC557 /* Pods_Flixter.framework */; };
		AD140B22EBF7A48177B69A14 /* Pods_Flixter_FlixterUITests.framework in Frameworks */ = {isa = PBXBuildFile; fileRef = A778BB4D9C97D70FB71DFD7A /* Pods_Flixter_FlixterUITests.framework */; };
		BE9F2765285A569000299CBD /* AppDelegate.m in Sources */ = {isa = PBXBuildFile; fileRef = BE9F2764285A569000299CBD /* AppDelegate.m */; };
		BE9F2768285A569000299CBD /* SceneDelegate.m in Sources */ = {isa = PBXBuildFile; fileRef = BE9F2767285A569000299CBD /* SceneDelegate.m */; };
		BE9F276E285A569000299CBD /* Main.storyboard in Resources */ = {isa = PBXBuildFile; fileRef = BE9F276C285A569000299CBD /* Main.storyboard */; };
		BE9F2770285A569100299CBD /* Assets.xcassets in Resources */ = {isa = PBXBuildFile; fileRef = BE9F276F285A569100299CBD /* Assets.xcassets */; };
		BE9F2773285A569100299CBD /* LaunchScreen.storyboard in Resources */ = {isa = PBXBuildFile; fileRef = BE9F2771285A569100299CBD /* LaunchScreen.storyboard */; };
		BE9F2776285A569100299CBD /* main.m in Sources */ = {isa = PBXBuildFile; fileRef = BE9F2775285A569100299CBD /* main.m */; };
		BE9F2780285A569100299CBD /* FlixterTests.m in Sources */ = {isa = PBXBuildFile; fileRef = BE9F277F285A569100299CBD /* FlixterTests.m */; };
		BE9F278A285A569100299CBD /* FlixterUITests.m in Sources */ = {isa = PBXBuildFile; fileRef = BE9F2789285A569100299CBD /* FlixterUITests.m */; };
		BE9F278C285A569100299CBD /* FlixterUITestsLaunchTests.m in Sources */ = {isa = PBXBuildFile; fileRef = BE9F278B285A569100299CBD /* FlixterUITestsLaunchTests.m */; };
		BE9F279A285A56FB00299CBD /* MovieViewController.m in Sources */ = {isa = PBXBuildFile; fileRef = BE9F2799285A56FB00299CBD /* MovieViewController.m */; };
		BE9F27A3285AFB8E00299CBD /* MovieCell.m in Sources */ = {isa = PBXBuildFile; fileRef = BE9F27A2285AFB8E00299CBD /* MovieCell.m */; };
		BE9F27A6285BE2CE00299CBD /* DetailsViewController.m in Sources */ = {isa = PBXBuildFile; fileRef = BE9F27A5285BE2CE00299CBD /* DetailsViewController.m */; };
		BEABF030285CDFB500C5DDE2 /* GridViewController.m in Sources */ = {isa = PBXBuildFile; fileRef = BEABF02F285CDFB500C5DDE2 /* GridViewController.m */; };
		BEABF033285CE28300C5DDE2 /* CollectionViewGridCell.m in Sources */ = {isa = PBXBuildFile; fileRef = BEABF032285CE28300C5DDE2 /* CollectionViewGridCell.m */; };
/* End PBXBuildFile section */

/* Begin PBXContainerItemProxy section */
		BE9F277C285A569100299CBD /* PBXContainerItemProxy */ = {
			isa = PBXContainerItemProxy;
			containerPortal = BE9F2758285A569000299CBD /* Project object */;
			proxyType = 1;
			remoteGlobalIDString = BE9F275F285A569000299CBD;
			remoteInfo = Flixter;
		};
		BE9F2786285A569100299CBD /* PBXContainerItemProxy */ = {
			isa = PBXContainerItemProxy;
			containerPortal = BE9F2758285A569000299CBD /* Project object */;
			proxyType = 1;
			remoteGlobalIDString = BE9F275F285A569000299CBD;
			remoteInfo = Flixter;
		};
/* End PBXContainerItemProxy section */

/* Begin PBXFileReference section */
		142716C8CC3C1F4FC22AC557 /* Pods_Flixter.framework */ = {isa = PBXFileReference; explicitFileType = wrapper.framework; includeInIndex = 0; path = Pods_Flixter.framework; sourceTree = BUILT_PRODUCTS_DIR; };
		47658D4E2436D25FD66E75DC /* Pods-FlixterTests.release.xcconfig */ = {isa = PBXFileReference; includeInIndex = 1; lastKnownFileType = text.xcconfig; name = "Pods-FlixterTests.release.xcconfig"; path = "Target Support Files/Pods-FlixterTests/Pods-FlixterTests.release.xcconfig"; sourceTree = "<group>"; };
		692353CA2F03878836AA1653 /* Pods-FlixterTests.debug.xcconfig */ = {isa = PBXFileReference; includeInIndex = 1; lastKnownFileType = text.xcconfig; name = "Pods-FlixterTests.debug.xcconfig"; path = "Target Support Files/Pods-FlixterTests/Pods-FlixterTests.debug.xcconfig"; sourceTree = "<group>"; };
		76CD03A38B365E5EA9F15992 /* Pods-Flixter-FlixterUITests.release.xcconfig */ = {isa = PBXFileReference; includeInIndex = 1; lastKnownFileType = text.xcconfig; name = "Pods-Flixter-FlixterUITests.release.xcconfig"; path = "Target Support Files/Pods-Flixter-FlixterUITests/Pods-Flixter-FlixterUITests.release.xcconfig"; sourceTree = "<group>"; };
		A778BB4D9C97D70FB71DFD7A /* Pods_Flixter_FlixterUITests.framework */ = {isa = PBXFileReference; explicitFileType = wrapper.framework; includeInIndex = 0; path = Pods_Flixter_FlixterUITests.framework; sourceTree = BUILT_PRODUCTS_DIR; };
		B1945E7C86D07F2340994112 /* Pods-Flixter-FlixterUITests.debug.xcconfig */ = {isa = PBXFileReference; includeInIndex = 1; lastKnownFileType = text.xcconfig; name = "Pods-Flixter-FlixterUITests.debug.xcconfig"; path = "Target Support Files/Pods-Flixter-FlixterUITests/Pods-Flixter-FlixterUITests.debug.xcconfig"; sourceTree = "<group>"; };
		BE9F2760285A569000299CBD /* Flixter.app */ = {isa = PBXFileReference; explicitFileType = wrapper.application; includeInIndex = 0; path = Flixter.app; sourceTree = BUILT_PRODUCTS_DIR; };
		BE9F2763285A569000299CBD /* AppDelegate.h */ = {isa = PBXFileReference; lastKnownFileType = sourcecode.c.h; path = AppDelegate.h; sourceTree = "<group>"; };
		BE9F2764285A569000299CBD /* AppDelegate.m */ = {isa = PBXFileReference; lastKnownFileType = sourcecode.c.objc; path = AppDelegate.m; sourceTree = "<group>"; };
		BE9F2766285A569000299CBD /* SceneDelegate.h */ = {isa = PBXFileReference; lastKnownFileType = sourcecode.c.h; path = SceneDelegate.h; sourceTree = "<group>"; };
		BE9F2767285A569000299CBD /* SceneDelegate.m */ = {isa = PBXFileReference; lastKnownFileType = sourcecode.c.objc; path = SceneDelegate.m; sourceTree = "<group>"; };
		BE9F276D285A569000299CBD /* Base */ = {isa = PBXFileReference; lastKnownFileType = file.storyboard; name = Base; path = Base.lproj/Main.storyboard; sourceTree = "<group>"; };
		BE9F276F285A569100299CBD /* Assets.xcassets */ = {isa = PBXFileReference; lastKnownFileType = folder.assetcatalog; path = Assets.xcassets; sourceTree = "<group>"; };
		BE9F2772285A569100299CBD /* Base */ = {isa = PBXFileReference; lastKnownFileType = file.storyboard; name = Base; path = Base.lproj/LaunchScreen.storyboard; sourceTree = "<group>"; };
		BE9F2774285A569100299CBD /* Info.plist */ = {isa = PBXFileReference; lastKnownFileType = text.plist.xml; path = Info.plist; sourceTree = "<group>"; };
		BE9F2775285A569100299CBD /* main.m */ = {isa = PBXFileReference; lastKnownFileType = sourcecode.c.objc; path = main.m; sourceTree = "<group>"; };
		BE9F277B285A569100299CBD /* FlixterTests.xctest */ = {isa = PBXFileReference; explicitFileType = wrapper.cfbundle; includeInIndex = 0; path = FlixterTests.xctest; sourceTree = BUILT_PRODUCTS_DIR; };
		BE9F277F285A569100299CBD /* FlixterTests.m */ = {isa = PBXFileReference; lastKnownFileType = sourcecode.c.objc; path = FlixterTests.m; sourceTree = "<group>"; };
		BE9F2785285A569100299CBD /* FlixterUITests.xctest */ = {isa = PBXFileReference; explicitFileType = wrapper.cfbundle; includeInIndex = 0; path = FlixterUITests.xctest; sourceTree = BUILT_PRODUCTS_DIR; };
		BE9F2789285A569100299CBD /* FlixterUITests.m */ = {isa = PBXFileReference; lastKnownFileType = sourcecode.c.objc; path = FlixterUITests.m; sourceTree = "<group>"; };
		BE9F278B285A569100299CBD /* FlixterUITestsLaunchTests.m */ = {isa = PBXFileReference; lastKnownFileType = sourcecode.c.objc; path = FlixterUITestsLaunchTests.m; sourceTree = "<group>"; };
		BE9F2798285A56FB00299CBD /* MovieViewController.h */ = {isa = PBXFileReference; lastKnownFileType = sourcecode.c.h; path = MovieViewController.h; sourceTree = "<group>"; };
		BE9F2799285A56FB00299CBD /* MovieViewController.m */ = {isa = PBXFileReference; lastKnownFileType = sourcecode.c.objc; path = MovieViewController.m; sourceTree = "<group>"; };
		BE9F27A1285AFB8E00299CBD /* MovieCell.h */ = {isa = PBXFileReference; lastKnownFileType = sourcecode.c.h; path = MovieCell.h; sourceTree = "<group>"; };
		BE9F27A2285AFB8E00299CBD /* MovieCell.m */ = {isa = PBXFileReference; lastKnownFileType = sourcecode.c.objc; path = MovieCell.m; sourceTree = "<group>"; };
		BE9F27A4285BE2CE00299CBD /* DetailsViewController.h */ = {isa = PBXFileReference; lastKnownFileType = sourcecode.c.h; path = DetailsViewController.h; sourceTree = "<group>"; };
		BE9F27A5285BE2CE00299CBD /* DetailsViewController.m */ = {isa = PBXFileReference; lastKnownFileType = sourcecode.c.objc; path = DetailsViewController.m; sourceTree = "<group>"; };
		BEABF02E285CDFB500C5DDE2 /* GridViewController.h */ = {isa = PBXFileReference; lastKnownFileType = sourcecode.c.h; path = GridViewController.h; sourceTree = "<group>"; };
		BEABF02F285CDFB500C5DDE2 /* GridViewController.m */ = {isa = PBXFileReference; lastKnownFileType = sourcecode.c.objc; path = GridViewController.m; sourceTree = "<group>"; };
		BEABF031285CE28300C5DDE2 /* CollectionViewGridCell.h */ = {isa = PBXFileReference; lastKnownFileType = sourcecode.c.h; path = CollectionViewGridCell.h; sourceTree = "<group>"; };
		BEABF032285CE28300C5DDE2 /* CollectionViewGridCell.m */ = {isa = PBXFileReference; lastKnownFileType = sourcecode.c.objc; path = CollectionViewGridCell.m; sourceTree = "<group>"; };
		E2C523275441BB18B2406F2E /* Pods_FlixterTests.framework */ = {isa = PBXFileReference; explicitFileType = wrapper.framework; includeInIndex = 0; path = Pods_FlixterTests.framework; sourceTree = BUILT_PRODUCTS_DIR; };
		ED788F71C8187B19FAB78DF6 /* Pods-Flixter.debug.xcconfig */ = {isa = PBXFileReference; includeInIndex = 1; lastKnownFileType = text.xcconfig; name = "Pods-Flixter.debug.xcconfig"; path = "Target Support Files/Pods-Flixter/Pods-Flixter.debug.xcconfig"; sourceTree = "<group>"; };
		FB433E33C43376052DD297FD /* Pods-Flixter.release.xcconfig */ = {isa = PBXFileReference; includeInIndex = 1; lastKnownFileType = text.xcconfig; name = "Pods-Flixter.release.xcconfig"; path = "Target Support Files/Pods-Flixter/Pods-Flixter.release.xcconfig"; sourceTree = "<group>"; };
/* End PBXFileReference section */

/* Begin PBXFrameworksBuildPhase section */
		BE9F275D285A569000299CBD /* Frameworks */ = {
			isa = PBXFrameworksBuildPhase;
			buildActionMask = 2147483647;
			files = (
				7429B95406F9F816441CA056 /* Pods_Flixter.framework in Frameworks */,
			);
			runOnlyForDeploymentPostprocessing = 0;
		};
		BE9F2778285A569100299CBD /* Frameworks */ = {
			isa = PBXFrameworksBuildPhase;
			buildActionMask = 2147483647;
			files = (
				3908E2CE6C1EB27BE9CDB513 /* Pods_FlixterTests.framework in Frameworks */,
			);
			runOnlyForDeploymentPostprocessing = 0;
		};
		BE9F2782285A569100299CBD /* Frameworks */ = {
			isa = PBXFrameworksBuildPhase;
			buildActionMask = 2147483647;
			files = (
				AD140B22EBF7A48177B69A14 /* Pods_Flixter_FlixterUITests.framework in Frameworks */,
			);
			runOnlyForDeploymentPostprocessing = 0;
		};
/* End PBXFrameworksBuildPhase section */

/* Begin PBXGroup section */
		897C6A8BDEE489427DADBFBB /* Frameworks */ = {
			isa = PBXGroup;
			children = (
				142716C8CC3C1F4FC22AC557 /* Pods_Flixter.framework */,
				A778BB4D9C97D70FB71DFD7A /* Pods_Flixter_FlixterUITests.framework */,
				E2C523275441BB18B2406F2E /* Pods_FlixterTests.framework */,
			);
			name = Frameworks;
			sourceTree = "<group>";
		};
		BE9F2757285A569000299CBD = {
			isa = PBXGroup;
			children = (
				BE9F2762285A569000299CBD /* Flixter */,
				BE9F277E285A569100299CBD /* FlixterTests */,
				BE9F2788285A569100299CBD /* FlixterUITests */,
				BE9F2761285A569000299CBD /* Products */,
				FFD9DF3EDA385FDE3FD2BBF0 /* Pods */,
				897C6A8BDEE489427DADBFBB /* Frameworks */,
			);
			sourceTree = "<group>";
		};
		BE9F2761285A569000299CBD /* Products */ = {
			isa = PBXGroup;
			children = (
				BE9F2760285A569000299CBD /* Flixter.app */,
				BE9F277B285A569100299CBD /* FlixterTests.xctest */,
				BE9F2785285A569100299CBD /* FlixterUITests.xctest */,
			);
			name = Products;
			sourceTree = "<group>";
		};
		BE9F2762285A569000299CBD /* Flixter */ = {
			isa = PBXGroup;
			children = (
				BE9F2763285A569000299CBD /* AppDelegate.h */,
				BE9F2764285A569000299CBD /* AppDelegate.m */,
				BE9F2766285A569000299CBD /* SceneDelegate.h */,
				BE9F2767285A569000299CBD /* SceneDelegate.m */,
				BE9F2798285A56FB00299CBD /* MovieViewController.h */,
				BE9F2799285A56FB00299CBD /* MovieViewController.m */,
				BE9F27A4285BE2CE00299CBD /* DetailsViewController.h */,
				BE9F27A5285BE2CE00299CBD /* DetailsViewController.m */,
				BE9F276C285A569000299CBD /* Main.storyboard */,
				BEABF031285CE28300C5DDE2 /* CollectionViewGridCell.h */,
				BEABF032285CE28300C5DDE2 /* CollectionViewGridCell.m */,
				BEABF02E285CDFB500C5DDE2 /* GridViewController.h */,
				BEABF02F285CDFB500C5DDE2 /* GridViewController.m */,
				BE9F27A1285AFB8E00299CBD /* MovieCell.h */,
				BE9F27A2285AFB8E00299CBD /* MovieCell.m */,
				BE9F276F285A569100299CBD /* Assets.xcassets */,
				BE9F2771285A569100299CBD /* LaunchScreen.storyboard */,
				BE9F2774285A569100299CBD /* Info.plist */,
				BE9F2775285A569100299CBD /* main.m */,
			);
			path = Flixter;
			sourceTree = "<group>";
		};
		BE9F277E285A569100299CBD /* FlixterTests */ = {
			isa = PBXGroup;
			children = (
				BE9F277F285A569100299CBD /* FlixterTests.m */,
			);
			path = FlixterTests;
			sourceTree = "<group>";
		};
		BE9F2788285A569100299CBD /* FlixterUITests */ = {
			isa = PBXGroup;
			children = (
				BE9F2789285A569100299CBD /* FlixterUITests.m */,
				BE9F278B285A569100299CBD /* FlixterUITestsLaunchTests.m */,
			);
			path = FlixterUITests;
			sourceTree = "<group>";
		};
		FFD9DF3EDA385FDE3FD2BBF0 /* Pods */ = {
			isa = PBXGroup;
			children = (
				ED788F71C8187B19FAB78DF6 /* Pods-Flixter.debug.xcconfig */,
				FB433E33C43376052DD297FD /* Pods-Flixter.release.xcconfig */,
				B1945E7C86D07F2340994112 /* Pods-Flixter-FlixterUITests.debug.xcconfig */,
				76CD03A38B365E5EA9F15992 /* Pods-Flixter-FlixterUITests.release.xcconfig */,
				692353CA2F03878836AA1653 /* Pods-FlixterTests.debug.xcconfig */,
				47658D4E2436D25FD66E75DC /* Pods-FlixterTests.release.xcconfig */,
			);
			path = Pods;
			sourceTree = "<group>";
		};
/* End PBXGroup section */

/* Begin PBXNativeTarget section */
		BE9F275F285A569000299CBD /* Flixter */ = {
			isa = PBXNativeTarget;
			buildConfigurationList = BE9F278F285A569100299CBD /* Build configuration list for PBXNativeTarget "Flixter" */;
			buildPhases = (
				B29945DA42DF0ACB2468A82E /* [CP] Check Pods Manifest.lock */,
				BE9F275C285A569000299CBD /* Sources */,
				BE9F275D285A569000299CBD /* Frameworks */,
				BE9F275E285A569000299CBD /* Resources */,
				F5ECE3B056C1A41708DFEFD6 /* [CP] Embed Pods Frameworks */,
			);
			buildRules = (
			);
			dependencies = (
			);
			name = Flixter;
			productName = Flixter;
			productReference = BE9F2760285A569000299CBD /* Flixter.app */;
			productType = "com.apple.product-type.application";
		};
		BE9F277A285A569100299CBD /* FlixterTests */ = {
			isa = PBXNativeTarget;
			buildConfigurationList = BE9F2792285A569100299CBD /* Build configuration list for PBXNativeTarget "FlixterTests" */;
			buildPhases = (
				6BC8AEC3E45C41FC6E75D611 /* [CP] Check Pods Manifest.lock */,
				BE9F2777285A569100299CBD /* Sources */,
				BE9F2778285A569100299CBD /* Frameworks */,
				BE9F2779285A569100299CBD /* Resources */,
			);
			buildRules = (
			);
			dependencies = (
				BE9F277D285A569100299CBD /* PBXTargetDependency */,
			);
			name = FlixterTests;
			productName = FlixterTests;
			productReference = BE9F277B285A569100299CBD /* FlixterTests.xctest */;
			productType = "com.apple.product-type.bundle.unit-test";
		};
		BE9F2784285A569100299CBD /* FlixterUITests */ = {
			isa = PBXNativeTarget;
			buildConfigurationList = BE9F2795285A569100299CBD /* Build configuration list for PBXNativeTarget "FlixterUITests" */;
			buildPhases = (
				6D5AFEFE53509E5428D48096 /* [CP] Check Pods Manifest.lock */,
				BE9F2781285A569100299CBD /* Sources */,
				BE9F2782285A569100299CBD /* Frameworks */,
				BE9F2783285A569100299CBD /* Resources */,
				D5D934EE56F4F54BFC69492A /* [CP] Embed Pods Frameworks */,
			);
			buildRules = (
			);
			dependencies = (
				BE9F2787285A569100299CBD /* PBXTargetDependency */,
			);
			name = FlixterUITests;
			productName = FlixterUITests;
			productReference = BE9F2785285A569100299CBD /* FlixterUITests.xctest */;
			productType = "com.apple.product-type.bundle.ui-testing";
		};
/* End PBXNativeTarget section */

/* Begin PBXProject section */
		BE9F2758285A569000299CBD /* Project object */ = {
			isa = PBXProject;
			attributes = {
				BuildIndependentTargetsInParallel = 1;
				LastUpgradeCheck = 1340;
				TargetAttributes = {
					BE9F275F285A569000299CBD = {
						CreatedOnToolsVersion = 13.4;
					};
					BE9F277A285A569100299CBD = {
						CreatedOnToolsVersion = 13.4;
						TestTargetID = BE9F275F285A569000299CBD;
					};
					BE9F2784285A569100299CBD = {
						CreatedOnToolsVersion = 13.4;
						TestTargetID = BE9F275F285A569000299CBD;
					};
				};
			};
			buildConfigurationList = BE9F275B285A569000299CBD /* Build configuration list for PBXProject "Flixter" */;
			compatibilityVersion = "Xcode 13.0";
			developmentRegion = en;
			hasScannedForEncodings = 0;
			knownRegions = (
				en,
				Base,
			);
			mainGroup = BE9F2757285A569000299CBD;
			productRefGroup = BE9F2761285A569000299CBD /* Products */;
			projectDirPath = "";
			projectRoot = "";
			targets = (
				BE9F275F285A569000299CBD /* Flixter */,
				BE9F277A285A569100299CBD /* FlixterTests */,
				BE9F2784285A569100299CBD /* FlixterUITests */,
			);
		};
/* End PBXProject section */

/* Begin PBXResourcesBuildPhase section */
		BE9F275E285A569000299CBD /* Resources */ = {
			isa = PBXResourcesBuildPhase;
			buildActionMask = 2147483647;
			files = (
				BE9F2773285A569100299CBD /* LaunchScreen.storyboard in Resources */,
				BE9F2770285A569100299CBD /* Assets.xcassets in Resources */,
				BE9F276E285A569000299CBD /* Main.storyboard in Resources */,
			);
			runOnlyForDeploymentPostprocessing = 0;
		};
		BE9F2779285A569100299CBD /* Resources */ = {
			isa = PBXResourcesBuildPhase;
			buildActionMask = 2147483647;
			files = (
			);
			runOnlyForDeploymentPostprocessing = 0;
		};
		BE9F2783285A569100299CBD /* Resources */ = {
			isa = PBXResourcesBuildPhase;
			buildActionMask = 2147483647;
			files = (
			);
			runOnlyForDeploymentPostprocessing = 0;
		};
/* End PBXResourcesBuildPhase section */

/* Begin PBXShellScriptBuildPhase section */
		6BC8AEC3E45C41FC6E75D611 /* [CP] Check Pods Manifest.lock */ = {
			isa = PBXShellScriptBuildPhase;
			buildActionMask = 2147483647;
			files = (
			);
			inputFileListPaths = (
			);
			inputPaths = (
				"${PODS_PODFILE_DIR_PATH}/Podfile.lock",
				"${PODS_ROOT}/Manifest.lock",
			);
			name = "[CP] Check Pods Manifest.lock";
			outputFileListPaths = (
			);
			outputPaths = (
				"$(DERIVED_FILE_DIR)/Pods-FlixterTests-checkManifestLockResult.txt",
			);
			runOnlyForDeploymentPostprocessing = 0;
			shellPath = /bin/sh;
			shellScript = "diff \"${PODS_PODFILE_DIR_PATH}/Podfile.lock\" \"${PODS_ROOT}/Manifest.lock\" > /dev/null\nif [ $? != 0 ] ; then\n    # print error to STDERR\n    echo \"error: The sandbox is not in sync with the Podfile.lock. Run 'pod install' or update your CocoaPods installation.\" >&2\n    exit 1\nfi\n# This output is used by Xcode 'outputs' to avoid re-running this script phase.\necho \"SUCCESS\" > \"${SCRIPT_OUTPUT_FILE_0}\"\n";
			showEnvVarsInLog = 0;
		};
		6D5AFEFE53509E5428D48096 /* [CP] Check Pods Manifest.lock */ = {
			isa = PBXShellScriptBuildPhase;
			buildActionMask = 2147483647;
			files = (
			);
			inputFileListPaths = (
			);
			inputPaths = (
				"${PODS_PODFILE_DIR_PATH}/Podfile.lock",
				"${PODS_ROOT}/Manifest.lock",
			);
			name = "[CP] Check Pods Manifest.lock";
			outputFileListPaths = (
			);
			outputPaths = (
				"$(DERIVED_FILE_DIR)/Pods-Flixter-FlixterUITests-checkManifestLockResult.txt",
			);
			runOnlyForDeploymentPostprocessing = 0;
			shellPath = /bin/sh;
			shellScript = "diff \"${PODS_PODFILE_DIR_PATH}/Podfile.lock\" \"${PODS_ROOT}/Manifest.lock\" > /dev/null\nif [ $? != 0 ] ; then\n    # print error to STDERR\n    echo \"error: The sandbox is not in sync with the Podfile.lock. Run 'pod install' or update your CocoaPods installation.\" >&2\n    exit 1\nfi\n# This output is used by Xcode 'outputs' to avoid re-running this script phase.\necho \"SUCCESS\" > \"${SCRIPT_OUTPUT_FILE_0}\"\n";
			showEnvVarsInLog = 0;
		};
		B29945DA42DF0ACB2468A82E /* [CP] Check Pods Manifest.lock */ = {
			isa = PBXShellScriptBuildPhase;
			buildActionMask = 2147483647;
			files = (
			);
			inputFileListPaths = (
			);
			inputPaths = (
				"${PODS_PODFILE_DIR_PATH}/Podfile.lock",
				"${PODS_ROOT}/Manifest.lock",
			);
			name = "[CP] Check Pods Manifest.lock";
			outputFileListPaths = (
			);
			outputPaths = (
				"$(DERIVED_FILE_DIR)/Pods-Flixter-checkManifestLockResult.txt",
			);
			runOnlyForDeploymentPostprocessing = 0;
			shellPath = /bin/sh;
			shellScript = "diff \"${PODS_PODFILE_DIR_PATH}/Podfile.lock\" \"${PODS_ROOT}/Manifest.lock\" > /dev/null\nif [ $? != 0 ] ; then\n    # print error to STDERR\n    echo \"error: The sandbox is not in sync with the Podfile.lock. Run 'pod install' or update your CocoaPods installation.\" >&2\n    exit 1\nfi\n# This output is used by Xcode 'outputs' to avoid re-running this script phase.\necho \"SUCCESS\" > \"${SCRIPT_OUTPUT_FILE_0}\"\n";
			showEnvVarsInLog = 0;
		};
		D5D934EE56F4F54BFC69492A /* [CP] Embed Pods Frameworks */ = {
			isa = PBXShellScriptBuildPhase;
			buildActionMask = 2147483647;
			files = (
			);
			inputFileListPaths = (
				"${PODS_ROOT}/Target Support Files/Pods-Flixter-FlixterUITests/Pods-Flixter-FlixterUITests-frameworks-${CONFIGURATION}-input-files.xcfilelist",
			);
			name = "[CP] Embed Pods Frameworks";
			outputFileListPaths = (
				"${PODS_ROOT}/Target Support Files/Pods-Flixter-FlixterUITests/Pods-Flixter-FlixterUITests-frameworks-${CONFIGURATION}-output-files.xcfilelist",
			);
			runOnlyForDeploymentPostprocessing = 0;
			shellPath = /bin/sh;
			shellScript = "\"${PODS_ROOT}/Target Support Files/Pods-Flixter-FlixterUITests/Pods-Flixter-FlixterUITests-frameworks.sh\"\n";
			showEnvVarsInLog = 0;
		};
		F5ECE3B056C1A41708DFEFD6 /* [CP] Embed Pods Frameworks */ = {
			isa = PBXShellScriptBuildPhase;
			buildActionMask = 2147483647;
			files = (
			);
			inputFileListPaths = (
				"${PODS_ROOT}/Target Support Files/Pods-Flixter/Pods-Flixter-frameworks-${CONFIGURATION}-input-files.xcfilelist",
			);
			name = "[CP] Embed Pods Frameworks";
			outputFileListPaths = (
				"${PODS_ROOT}/Target Support Files/Pods-Flixter/Pods-Flixter-frameworks-${CONFIGURATION}-output-files.xcfilelist",
			);
			runOnlyForDeploymentPostprocessing = 0;
			shellPath = /bin/sh;
			shellScript = "\"${PODS_ROOT}/Target Support Files/Pods-Flixter/Pods-Flixter-frameworks.sh\"\n";
			showEnvVarsInLog = 0;
		};
/* End PBXShellScriptBuildPhase section */

/* Begin PBXSourcesBuildPhase section */
		BE9F275C285A569000299CBD /* Sources */ = {
			isa = PBXSourcesBuildPhase;
			buildActionMask = 2147483647;
			files = (
				BEABF033285CE28300C5DDE2 /* CollectionViewGridCell.m in Sources */,
				BE9F2765285A569000299CBD /* AppDelegate.m in Sources */,
				BE9F27A3285AFB8E00299CBD /* MovieCell.m in Sources */,
				BE9F2776285A569100299CBD /* main.m in Sources */,
				BEABF030285CDFB500C5DDE2 /* GridViewController.m in Sources */,
				BE9F27A6285BE2CE00299CBD /* DetailsViewController.m in Sources */,
				BE9F2768285A569000299CBD /* SceneDelegate.m in Sources */,
				BE9F279A285A56FB00299CBD /* MovieViewController.m in Sources */,
			);
			runOnlyForDeploymentPostprocessing = 0;
		};
		BE9F2777285A569100299CBD /* Sources */ = {
			isa = PBXSourcesBuildPhase;
			buildActionMask = 2147483647;
			files = (
				BE9F2780285A569100299CBD /* FlixterTests.m in Sources */,
			);
			runOnlyForDeploymentPostprocessing = 0;
		};
		BE9F2781285A569100299CBD /* Sources */ = {
			isa = PBXSourcesBuildPhase;
			buildActionMask = 2147483647;
			files = (
				BE9F278A285A569100299CBD /* FlixterUITests.m in Sources */,
				BE9F278C285A569100299CBD /* FlixterUITestsLaunchTests.m in Sources */,
			);
			runOnlyForDeploymentPostprocessing = 0;
		};
/* End PBXSourcesBuildPhase section */

/* Begin PBXTargetDependency section */
		BE9F277D285A569100299CBD /* PBXTargetDependency */ = {
			isa = PBXTargetDependency;
			target = BE9F275F285A569000299CBD /* Flixter */;
			targetProxy = BE9F277C285A569100299CBD /* PBXContainerItemProxy */;
		};
		BE9F2787285A569100299CBD /* PBXTargetDependency */ = {
			isa = PBXTargetDependency;
			target = BE9F275F285A569000299CBD /* Flixter */;
			targetProxy = BE9F2786285A569100299CBD /* PBXContainerItemProxy */;
		};
/* End PBXTargetDependency section */

/* Begin PBXVariantGroup section */
		BE9F276C285A569000299CBD /* Main.storyboard */ = {
			isa = PBXVariantGroup;
			children = (
				BE9F276D285A569000299CBD /* Base */,
			);
			name = Main.storyboard;
			sourceTree = "<group>";
		};
		BE9F2771285A569100299CBD /* LaunchScreen.storyboard */ = {
			isa = PBXVariantGroup;
			children = (
				BE9F2772285A569100299CBD /* Base */,
			);
			name = LaunchScreen.storyboard;
			sourceTree = "<group>";
		};
/* End PBXVariantGroup section */

/* Begin XCBuildConfiguration section */
		BE9F278D285A569100299CBD /* Debug */ = {
			isa = XCBuildConfiguration;
			buildSettings = {
				ALWAYS_SEARCH_USER_PATHS = NO;
				CLANG_ANALYZER_NONNULL = YES;
				CLANG_ANALYZER_NUMBER_OBJECT_CONVERSION = YES_AGGRESSIVE;
				CLANG_CXX_LANGUAGE_STANDARD = "gnu++17";
				CLANG_ENABLE_MODULES = YES;
				CLANG_ENABLE_OBJC_ARC = YES;
				CLANG_ENABLE_OBJC_WEAK = YES;
				CLANG_WARN_BLOCK_CAPTURE_AUTORELEASING = YES;
				CLANG_WARN_BOOL_CONVERSION = YES;
				CLANG_WARN_COMMA = YES;
				CLANG_WARN_CONSTANT_CONVERSION = YES;
				CLANG_WARN_DEPRECATED_OBJC_IMPLEMENTATIONS = YES;
				CLANG_WARN_DIRECT_OBJC_ISA_USAGE = YES_ERROR;
				CLANG_WARN_DOCUMENTATION_COMMENTS = YES;
				CLANG_WARN_EMPTY_BODY = YES;
				CLANG_WARN_ENUM_CONVERSION = YES;
				CLANG_WARN_INFINITE_RECURSION = YES;
				CLANG_WARN_INT_CONVERSION = YES;
				CLANG_WARN_NON_LITERAL_NULL_CONVERSION = YES;
				CLANG_WARN_OBJC_IMPLICIT_RETAIN_SELF = YES;
				CLANG_WARN_OBJC_LITERAL_CONVERSION = YES;
				CLANG_WARN_OBJC_ROOT_CLASS = YES_ERROR;
				CLANG_WARN_QUOTED_INCLUDE_IN_FRAMEWORK_HEADER = YES;
				CLANG_WARN_RANGE_LOOP_ANALYSIS = YES;
				CLANG_WARN_STRICT_PROTOTYPES = YES;
				CLANG_WARN_SUSPICIOUS_MOVE = YES;
				CLANG_WARN_UNGUARDED_AVAILABILITY = YES_AGGRESSIVE;
				CLANG_WARN_UNREACHABLE_CODE = YES;
				CLANG_WARN__DUPLICATE_METHOD_MATCH = YES;
				COPY_PHASE_STRIP = NO;
				DEBUG_INFORMATION_FORMAT = dwarf;
				ENABLE_STRICT_OBJC_MSGSEND = YES;
				ENABLE_TESTABILITY = YES;
				GCC_C_LANGUAGE_STANDARD = gnu11;
				GCC_DYNAMIC_NO_PIC = NO;
				GCC_NO_COMMON_BLOCKS = YES;
				GCC_OPTIMIZATION_LEVEL = 0;
				GCC_PREPROCESSOR_DEFINITIONS = (
					"DEBUG=1",
					"$(inherited)",
				);
				GCC_WARN_64_TO_32_BIT_CONVERSION = YES;
				GCC_WARN_ABOUT_RETURN_TYPE = YES_ERROR;
				GCC_WARN_UNDECLARED_SELECTOR = YES;
				GCC_WARN_UNINITIALIZED_AUTOS = YES_AGGRESSIVE;
				GCC_WARN_UNUSED_FUNCTION = YES;
				GCC_WARN_UNUSED_VARIABLE = YES;
				IPHONEOS_DEPLOYMENT_TARGET = 15.5;
				MTL_ENABLE_DEBUG_INFO = INCLUDE_SOURCE;
				MTL_FAST_MATH = YES;
				ONLY_ACTIVE_ARCH = YES;
				SDKROOT = iphoneos;
			};
			name = Debug;
		};
		BE9F278E285A569100299CBD /* Release */ = {
			isa = XCBuildConfiguration;
			buildSettings = {
				ALWAYS_SEARCH_USER_PATHS = NO;
				CLANG_ANALYZER_NONNULL = YES;
				CLANG_ANALYZER_NUMBER_OBJECT_CONVERSION = YES_AGGRESSIVE;
				CLANG_CXX_LANGUAGE_STANDARD = "gnu++17";
				CLANG_ENABLE_MODULES = YES;
				CLANG_ENABLE_OBJC_ARC = YES;
				CLANG_ENABLE_OBJC_WEAK = YES;
				CLANG_WARN_BLOCK_CAPTURE_AUTORELEASING = YES;
				CLANG_WARN_BOOL_CONVERSION = YES;
				CLANG_WARN_COMMA = YES;
				CLANG_WARN_CONSTANT_CONVERSION = YES;
				CLANG_WARN_DEPRECATED_OBJC_IMPLEMENTATIONS = YES;
				CLANG_WARN_DIRECT_OBJC_ISA_USAGE = YES_ERROR;
				CLANG_WARN_DOCUMENTATION_COMMENTS = YES;
				CLANG_WARN_EMPTY_BODY = YES;
				CLANG_WARN_ENUM_CONVERSION = YES;
				CLANG_WARN_INFINITE_RECURSION = YES;
				CLANG_WARN_INT_CONVERSION = YES;
				CLANG_WARN_NON_LITERAL_NULL_CONVERSION = YES;
				CLANG_WARN_OBJC_IMPLICIT_RETAIN_SELF = YES;
				CLANG_WARN_OBJC_LITERAL_CONVERSION = YES;
				CLANG_WARN_OBJC_ROOT_CLASS = YES_ERROR;
				CLANG_WARN_QUOTED_INCLUDE_IN_FRAMEWORK_HEADER = YES;
				CLANG_WARN_RANGE_LOOP_ANALYSIS = YES;
				CLANG_WARN_STRICT_PROTOTYPES = YES;
				CLANG_WARN_SUSPICIOUS_MOVE = YES;
				CLANG_WARN_UNGUARDED_AVAILABILITY = YES_AGGRESSIVE;
				CLANG_WARN_UNREACHABLE_CODE = YES;
				CLANG_WARN__DUPLICATE_METHOD_MATCH = YES;
				COPY_PHASE_STRIP = NO;
				DEBUG_INFORMATION_FORMAT = "dwarf-with-dsym";
				ENABLE_NS_ASSERTIONS = NO;
				ENABLE_STRICT_OBJC_MSGSEND = YES;
				GCC_C_LANGUAGE_STANDARD = gnu11;
				GCC_NO_COMMON_BLOCKS = YES;
				GCC_WARN_64_TO_32_BIT_CONVERSION = YES;
				GCC_WARN_ABOUT_RETURN_TYPE = YES_ERROR;
				GCC_WARN_UNDECLARED_SELECTOR = YES;
				GCC_WARN_UNINITIALIZED_AUTOS = YES_AGGRESSIVE;
				GCC_WARN_UNUSED_FUNCTION = YES;
				GCC_WARN_UNUSED_VARIABLE = YES;
				IPHONEOS_DEPLOYMENT_TARGET = 15.5;
				MTL_ENABLE_DEBUG_INFO = NO;
				MTL_FAST_MATH = YES;
				SDKROOT = iphoneos;
				VALIDATE_PRODUCT = YES;
			};
			name = Release;
		};
		BE9F2790285A569100299CBD /* Debug */ = {
			isa = XCBuildConfiguration;
			baseConfigurationReference = ED788F71C8187B19FAB78DF6 /* Pods-Flixter.debug.xcconfig */;
			buildSettings = {
				ASSETCATALOG_COMPILER_APPICON_NAME = AppIcon;
				ASSETCATALOG_COMPILER_GLOBAL_ACCENT_COLOR_NAME = AccentColor;
				CODE_SIGN_STYLE = Automatic;
				CURRENT_PROJECT_VERSION = 1;
				DEVELOPMENT_TEAM = R23XRH86L8;
				GENERATE_INFOPLIST_FILE = YES;
				INFOPLIST_FILE = Flixter/Info.plist;
				INFOPLIST_KEY_UIApplicationSupportsIndirectInputEvents = YES;
				INFOPLIST_KEY_UILaunchStoryboardName = LaunchScreen;
				INFOPLIST_KEY_UIMainStoryboardFile = Main;
				INFOPLIST_KEY_UISupportedInterfaceOrientations_iPad = "UIInterfaceOrientationPortrait UIInterfaceOrientationPortraitUpsideDown UIInterfaceOrientationLandscapeLeft UIInterfaceOrientationLandscapeRight";
				INFOPLIST_KEY_UISupportedInterfaceOrientations_iPhone = "UIInterfaceOrientationPortrait UIInterfaceOrientationLandscapeLeft UIInterfaceOrientationLandscapeRight";
				LD_RUNPATH_SEARCH_PATHS = (
					"$(inherited)",
					"@executable_path/Frameworks",
				);
				MARKETING_VERSION = 1.0;
				PRODUCT_BUNDLE_IDENTIFIER = com.fb.Flixter;
				PRODUCT_NAME = "$(TARGET_NAME)";
				SWIFT_EMIT_LOC_STRINGS = YES;
				TARGETED_DEVICE_FAMILY = "1,2";
			};
			name = Debug;
		};
		BE9F2791285A569100299CBD /* Release */ = {
			isa = XCBuildConfiguration;
			baseConfigurationReference = FB433E33C43376052DD297FD /* Pods-Flixter.release.xcconfig */;
			buildSettings = {
				ASSETCATALOG_COMPILER_APPICON_NAME = AppIcon;
				ASSETCATALOG_COMPILER_GLOBAL_ACCENT_COLOR_NAME = AccentColor;
				CODE_SIGN_STYLE = Automatic;
				CURRENT_PROJECT_VERSION = 1;
				DEVELOPMENT_TEAM = R23XRH86L8;
				GENERATE_INFOPLIST_FILE = YES;
				INFOPLIST_FILE = Flixter/Info.plist;
				INFOPLIST_KEY_UIApplicationSupportsIndirectInputEvents = YES;
				INFOPLIST_KEY_UILaunchStoryboardName = LaunchScreen;
				INFOPLIST_KEY_UIMainStoryboardFile = Main;
				INFOPLIST_KEY_UISupportedInterfaceOrientations_iPad = "UIInterfaceOrientationPortrait UIInterfaceOrientationPortraitUpsideDown UIInterfaceOrientationLandscapeLeft UIInterfaceOrientationLandscapeRight";
				INFOPLIST_KEY_UISupportedInterfaceOrientations_iPhone = "UIInterfaceOrientationPortrait UIInterfaceOrientationLandscapeLeft UIInterfaceOrientationLandscapeRight";
				LD_RUNPATH_SEARCH_PATHS = (
					"$(inherited)",
					"@executable_path/Frameworks",
				);
				MARKETING_VERSION = 1.0;
				PRODUCT_BUNDLE_IDENTIFIER = com.fb.Flixter;
				PRODUCT_NAME = "$(TARGET_NAME)";
				SWIFT_EMIT_LOC_STRINGS = YES;
				TARGETED_DEVICE_FAMILY = "1,2";
			};
			name = Release;
		};
		BE9F2793285A569100299CBD /* Debug */ = {
			isa = XCBuildConfiguration;
			baseConfigurationReference = 692353CA2F03878836AA1653 /* Pods-FlixterTests.debug.xcconfig */;
			buildSettings = {
				BUNDLE_LOADER = "$(TEST_HOST)";
				CODE_SIGN_STYLE = Automatic;
				CURRENT_PROJECT_VERSION = 1;
				DEVELOPMENT_TEAM = R23XRH86L8;
				GENERATE_INFOPLIST_FILE = YES;
				IPHONEOS_DEPLOYMENT_TARGET = 15.5;
				MARKETING_VERSION = 1.0;
				PRODUCT_BUNDLE_IDENTIFIER = com.fb.FlixterTests;
				PRODUCT_NAME = "$(TARGET_NAME)";
				SWIFT_EMIT_LOC_STRINGS = NO;
				TARGETED_DEVICE_FAMILY = "1,2";
				TEST_HOST = "$(BUILT_PRODUCTS_DIR)/Flixter.app/Flixter";
			};
			name = Debug;
		};
		BE9F2794285A569100299CBD /* Release */ = {
			isa = XCBuildConfiguration;
			baseConfigurationReference = 47658D4E2436D25FD66E75DC /* Pods-FlixterTests.release.xcconfig */;
			buildSettings = {
				BUNDLE_LOADER = "$(TEST_HOST)";
				CODE_SIGN_STYLE = Automatic;
				CURRENT_PROJECT_VERSION = 1;
				DEVELOPMENT_TEAM = R23XRH86L8;
				GENERATE_INFOPLIST_FILE = YES;
				IPHONEOS_DEPLOYMENT_TARGET = 15.5;
				MARKETING_VERSION = 1.0;
				PRODUCT_BUNDLE_IDENTIFIER = com.fb.FlixterTests;
				PRODUCT_NAME = "$(TARGET_NAME)";
				SWIFT_EMIT_LOC_STRINGS = NO;
				TARGETED_DEVICE_FAMILY = "1,2";
				TEST_HOST = "$(BUILT_PRODUCTS_DIR)/Flixter.app/Flixter";
			};
			name = Release;
		};
		BE9F2796285A569100299CBD /* Debug */ = {
			isa = XCBuildConfiguration;
			baseConfigurationReference = B1945E7C86D07F2340994112 /* Pods-Flixter-FlixterUITests.debug.xcconfig */;
			buildSettings = {
				CODE_SIGN_STYLE = Automatic;
				CURRENT_PROJECT_VERSION = 1;
				DEVELOPMENT_TEAM = R23XRH86L8;
				GENERATE_INFOPLIST_FILE = YES;
				MARKETING_VERSION = 1.0;
				PRODUCT_BUNDLE_IDENTIFIER = com.fb.FlixterUITests;
				PRODUCT_NAME = "$(TARGET_NAME)";
				SWIFT_EMIT_LOC_STRINGS = NO;
				TARGETED_DEVICE_FAMILY = "1,2";
				TEST_TARGET_NAME = Flixter;
			};
			name = Debug;
		};
		BE9F2797285A569100299CBD /* Release */ = {
			isa = XCBuildConfiguration;
			baseConfigurationReference = 76CD03A38B365E5EA9F15992 /* Pods-Flixter-FlixterUITests.release.xcconfig */;
			buildSettings = {
				CODE_SIGN_STYLE = Automatic;
				CURRENT_PROJECT_VERSION = 1;
				DEVELOPMENT_TEAM = R23XRH86L8;
				GENERATE_INFOPLIST_FILE = YES;
				MARKETING_VERSION = 1.0;
				PRODUCT_BUNDLE_IDENTIFIER = com.fb.FlixterUITests;
				PRODUCT_NAME = "$(TARGET_NAME)";
				SWIFT_EMIT_LOC_STRINGS = NO;
				TARGETED_DEVICE_FAMILY = "1,2";
				TEST_TARGET_NAME = Flixter;
			};
			name = Release;
		};
/* End XCBuildConfiguration section */

/* Begin XCConfigurationList section */
		BE9F275B285A569000299CBD /* Build configuration list for PBXProject "Flixter" */ = {
			isa = XCConfigurationList;
			buildConfigurations = (
				BE9F278D285A569100299CBD /* Debug */,
				BE9F278E285A569100299CBD /* Release */,
			);
			defaultConfigurationIsVisible = 0;
			defaultConfigurationName = Release;
		};
		BE9F278F285A569100299CBD /* Build configuration list for PBXNativeTarget "Flixter" */ = {
			isa = XCConfigurationList;
			buildConfigurations = (
				BE9F2790285A569100299CBD /* Debug */,
				BE9F2791285A569100299CBD /* Release */,
			);
			defaultConfigurationIsVisible = 0;
			defaultConfigurationName = Release;
		};
		BE9F2792285A569100299CBD /* Build configuration list for PBXNativeTarget "FlixterTests" */ = {
			isa = XCConfigurationList;
			buildConfigurations = (
				BE9F2793285A569100299CBD /* Debug */,
				BE9F2794285A569100299CBD /* Release */,
			);
			defaultConfigurationIsVisible = 0;
			defaultConfigurationName = Release;
		};
		BE9F2795285A569100299CBD /* Build configuration list for PBXNativeTarget "FlixterUITests" */ = {
			isa = XCConfigurationList;
			buildConfigurations = (
				BE9F2796285A569100299CBD /* Debug */,
				BE9F2797285A569100299CBD /* Release */,
			);
			defaultConfigurationIsVisible = 0;
			defaultConfigurationName = Release;
		};
/* End XCConfigurationList section */
	};
	rootObject = BE9F2758285A569000299CBD /* Project object */;
}
